
Microsoft Visual Studio Solution File, Format Version 12.00
# Visual Studio Version 17
VisualStudioVersion = 17.5.33516.290
MinimumVisualStudioVersion = 10.0.40219.1
Project("{FAE04EC0-301F-11D3-BF4B-00C04F79EFBC}") = "UnitTestTraining", "UnitTestTraining\UnitTestTraining.csproj", "{4F89CC27-A045-43F1-A48B-A8A8D6C79C92}"
EndProject
Project("{FAE04EC0-301F-11D3-BF4B-00C04F79EFBC}") = "UnitTestTraining.Tests", "UnitTestTraining.Tests\UnitTestTraining.Tests.csproj", "{EA30EAFE-7355-405D-A28D-5D51C55C8AA8}"
EndProject
Global
	GlobalSection(SolutionConfigurationPlatforms) = preSolution
		Debug|Any CPU = Debug|Any CPU
		Release|Any CPU = Release|Any CPU
	EndGlobalSection
	GlobalSection(ProjectConfigurationPlatforms) = postSolution
		{4F89CC27-A045-43F1-A48B-A8A8D6C79C92}.Debug|Any CPU.ActiveCfg = Debug|Any CPU
		{4F89CC27-A045-43F1-A48B-A8A8D6C79C92}.Debug|Any CPU.Build.0 = Debug|Any CPU
		{4F89CC27-A045-43F1-A48B-A8A8D6C79C92}.Release|Any CPU.ActiveCfg = Release|Any CPU
		{4F89CC27-A045-43F1-A48B-A8A8D6C79C92}.Release|Any CPU.Build.0 = Release|Any CPU
		{EA30EAFE-7355-405D-A28D-5D51C55C8AA8}.Debug|Any CPU.ActiveCfg = Debug|Any CPU
		{EA30EAFE-7355-405D-A28D-5D51C55C8AA8}.Debug|Any CPU.Build.0 = Debug|Any CPU
		{EA30EAFE-7355-405D-A28D-5D51C55C8AA8}.Release|Any CPU.ActiveCfg = Release|Any CPU
		{EA30EAFE-7355-405D-A28D-5D51C55C8AA8}.Release|Any CPU.Build.0 = Release|Any CPU
	EndGlobalSection
	GlobalSection(SolutionProperties) = preSolution
		HideSolutionNode = FALSE
	EndGlobalSection
	GlobalSection(ExtensibilityGlobals) = postSolution
		SolutionGuid = {910A1552-B971-4566-87E6-8570D883BCD9}
	EndGlobalSection
EndGlobal
